
Microsoft Visual Studio Solution File, Format Version 12.00
# Visual Studio 2013
VisualStudioVersion = 12.0.21005.1
MinimumVisualStudioVersion = 10.0.40219.1
Project("{2150E333-8FDC-42A3-9474-1A3956D46DE8}") = "Solution Items", "Solution Items", "{4F4A5C75-AC81-46DE-B26B-D1B6CBCB1DCB}"
	ProjectSection(SolutionItems) = preProject
		Solution Items\AssemblyInfo.tt = Solution Items\AssemblyInfo.tt
	EndProjectSection
EndProject
Project("{2150E333-8FDC-42A3-9474-1A3956D46DE8}") = "src", "src", "{7FB56A54-4345-425E-80D6-6D62FCCCB719}"
EndProject
Project("{2150E333-8FDC-42A3-9474-1A3956D46DE8}") = "com", "com", "{3669CADD-59CF-4034-8697-D0F9E33AACD0}"
EndProject
Project("{2150E333-8FDC-42A3-9474-1A3956D46DE8}") = "model", "model", "{B2FEC3D4-789C-4C09-8D75-C0F3DAB285A0}"
EndProject
Project("{2150E333-8FDC-42A3-9474-1A3956D46DE8}") = "helper", "helper", "{C22FDF4A-87AA-4768-A9EA-D42198AF7571}"
EndProject
Project("{2150E333-8FDC-42A3-9474-1A3956D46DE8}") = "lib", "lib", "{1A8DBC23-A9B1-4ECD-9D20-AB42F230F1CA}"
EndProject
Project("{2150E333-8FDC-42A3-9474-1A3956D46DE8}") = "_doc", "_doc", "{F6363DE4-4393-42D5-98DD-4DD83CC4CABA}"
	ProjectSection(SolutionItems) = preProject
		_doc\readme.txt = _doc\readme.txt
	EndProjectSection
EndProject
Project("{2150E333-8FDC-42A3-9474-1A3956D46DE8}") = "cert", "cert", "{BEF8C89A-8948-4A3C-8811-E658F1E89070}"
EndProject
Project("{FAE04EC0-301F-11D3-BF4B-00C04F79EFBC}") = "xave.com.helper", "src\com\helper\xave.com.helper\xave.com.helper.csproj", "{797E5D9A-28B8-4F39-8364-575D419E530D}"
EndProject
Project("{2150E333-8FDC-42A3-9474-1A3956D46DE8}") = "sample", "sample", "{E93F926C-33E4-4D4E-98E0-152DAB0517A8}"
EndProject
Project("{FAE04EC0-301F-11D3-BF4B-00C04F79EFBC}") = "HLoggerLibrary", "src\sample\HLogger\HLoggerLibrary.csproj", "{31410416-E2FA-4F05-883A-1FFC4F32792B}"
EndProject
Project("{FAE04EC0-301F-11D3-BF4B-00C04F79EFBC}") = "HLoggerConsole", "src\sample\Sample\HLoggerConsole.csproj", "{410D4D37-2248-4B63-9B75-0065564DF7DA}"
EndProject
Project("{2150E333-8FDC-42A3-9474-1A3956D46DE8}") = "app", "app", "{2ECA8594-448B-48FB-9407-A78BDED8358E}"
EndProject
Project("{2150E333-8FDC-42A3-9474-1A3956D46DE8}") = "svc", "svc", "{FC4C9D07-67E5-4C31-8E81-00724416033D}"
EndProject
Project("{FAE04EC0-301F-11D3-BF4B-00C04F79EFBC}") = "xave.test", "src\app\xave.test\xave.test.csproj", "{71736595-9681-4466-BD08-1AC209207A53}"
EndProject
Global
	GlobalSection(SolutionConfigurationPlatforms) = preSolution
		Debug|Any CPU = Debug|Any CPU
		Debug|Mixed Platforms = Debug|Mixed Platforms
		Debug|x86 = Debug|x86
		Release|Any CPU = Release|Any CPU
		Release|Mixed Platforms = Release|Mixed Platforms
		Release|x86 = Release|x86
	EndGlobalSection
	GlobalSection(ProjectConfigurationPlatforms) = postSolution
		{797E5D9A-28B8-4F39-8364-575D419E530D}.Debug|Any CPU.ActiveCfg = Debug|Any CPU
		{797E5D9A-28B8-4F39-8364-575D419E530D}.Debug|Any CPU.Build.0 = Debug|Any CPU
		{797E5D9A-28B8-4F39-8364-575D419E530D}.Debug|Mixed Platforms.ActiveCfg = Debug|Any CPU
		{797E5D9A-28B8-4F39-8364-575D419E530D}.Debug|Mixed Platforms.Build.0 = Debug|Any CPU
		{797E5D9A-28B8-4F39-8364-575D419E530D}.Debug|x86.ActiveCfg = Debug|Any CPU
		{797E5D9A-28B8-4F39-8364-575D419E530D}.Release|Any CPU.ActiveCfg = Release|Any CPU
		{797E5D9A-28B8-4F39-8364-575D419E530D}.Release|Any CPU.Build.0 = Release|Any CPU
		{797E5D9A-28B8-4F39-8364-575D419E530D}.Release|Mixed Platforms.ActiveCfg = Release|Any CPU
		{797E5D9A-28B8-4F39-8364-575D419E530D}.Release|Mixed Platforms.Build.0 = Release|Any CPU
		{797E5D9A-28B8-4F39-8364-575D419E530D}.Release|x86.ActiveCfg = Release|Any CPU
		{31410416-E2FA-4F05-883A-1FFC4F32792B}.Debug|Any CPU.ActiveCfg = Debug|Any CPU
		{31410416-E2FA-4F05-883A-1FFC4F32792B}.Debug|Any CPU.Build.0 = Debug|Any CPU
		{31410416-E2FA-4F05-883A-1FFC4F32792B}.Debug|Mixed Platforms.ActiveCfg = Debug|Any CPU
		{31410416-E2FA-4F05-883A-1FFC4F32792B}.Debug|Mixed Platforms.Build.0 = Debug|Any CPU
		{31410416-E2FA-4F05-883A-1FFC4F32792B}.Debug|x86.ActiveCfg = Debug|Any CPU
		{31410416-E2FA-4F05-883A-1FFC4F32792B}.Release|Any CPU.ActiveCfg = Release|Any CPU
		{31410416-E2FA-4F05-883A-1FFC4F32792B}.Release|Any CPU.Build.0 = Release|Any CPU
		{31410416-E2FA-4F05-883A-1FFC4F32792B}.Release|Mixed Platforms.ActiveCfg = Release|Any CPU
		{31410416-E2FA-4F05-883A-1FFC4F32792B}.Release|Mixed Platforms.Build.0 = Release|Any CPU
		{31410416-E2FA-4F05-883A-1FFC4F32792B}.Release|x86.ActiveCfg = Release|Any CPU
		{410D4D37-2248-4B63-9B75-0065564DF7DA}.Debug|Any CPU.ActiveCfg = Debug|x86
		{410D4D37-2248-4B63-9B75-0065564DF7DA}.Debug|Mixed Platforms.ActiveCfg = Debug|x86
		{410D4D37-2248-4B63-9B75-0065564DF7DA}.Debug|Mixed Platforms.Build.0 = Debug|x86
		{410D4D37-2248-4B63-9B75-0065564DF7DA}.Debug|x86.ActiveCfg = Debug|x86
		{410D4D37-2248-4B63-9B75-0065564DF7DA}.Debug|x86.Build.0 = Debug|x86
		{410D4D37-2248-4B63-9B75-0065564DF7DA}.Release|Any CPU.ActiveCfg = Release|x86
		{410D4D37-2248-4B63-9B75-0065564DF7DA}.Release|Mixed Platforms.ActiveCfg = Release|x86
		{410D4D37-2248-4B63-9B75-0065564DF7DA}.Release|Mixed Platforms.Build.0 = Release|x86
		{410D4D37-2248-4B63-9B75-0065564DF7DA}.Release|x86.ActiveCfg = Release|x86
		{410D4D37-2248-4B63-9B75-0065564DF7DA}.Release|x86.Build.0 = Release|x86
		{71736595-9681-4466-BD08-1AC209207A53}.Debug|Any CPU.ActiveCfg = Debug|Any CPU
		{71736595-9681-4466-BD08-1AC209207A53}.Debug|Any CPU.Build.0 = Debug|Any CPU
		{71736595-9681-4466-BD08-1AC209207A53}.Debug|Mixed Platforms.ActiveCfg = Debug|Any CPU
		{71736595-9681-4466-BD08-1AC209207A53}.Debug|Mixed Platforms.Build.0 = Debug|Any CPU
		{71736595-9681-4466-BD08-1AC209207A53}.Debug|x86.ActiveCfg = Debug|Any CPU
		{71736595-9681-4466-BD08-1AC209207A53}.Release|Any CPU.ActiveCfg = Release|Any CPU
		{71736595-9681-4466-BD08-1AC209207A53}.Release|Any CPU.Build.0 = Release|Any CPU
		{71736595-9681-4466-BD08-1AC209207A53}.Release|Mixed Platforms.ActiveCfg = Release|Any CPU
		{71736595-9681-4466-BD08-1AC209207A53}.Release|Mixed Platforms.Build.0 = Release|Any CPU
		{71736595-9681-4466-BD08-1AC209207A53}.Release|x86.ActiveCfg = Release|Any CPU
	EndGlobalSection
	GlobalSection(SolutionProperties) = preSolution
		HideSolutionNode = FALSE
	EndGlobalSection
	GlobalSection(NestedProjects) = preSolution
		{3669CADD-59CF-4034-8697-D0F9E33AACD0} = {7FB56A54-4345-425E-80D6-6D62FCCCB719}
		{1A8DBC23-A9B1-4ECD-9D20-AB42F230F1CA} = {7FB56A54-4345-425E-80D6-6D62FCCCB719}
		{BEF8C89A-8948-4A3C-8811-E658F1E89070} = {7FB56A54-4345-425E-80D6-6D62FCCCB719}
		{E93F926C-33E4-4D4E-98E0-152DAB0517A8} = {7FB56A54-4345-425E-80D6-6D62FCCCB719}
		{2ECA8594-448B-48FB-9407-A78BDED8358E} = {7FB56A54-4345-425E-80D6-6D62FCCCB719}
		{FC4C9D07-67E5-4C31-8E81-00724416033D} = {7FB56A54-4345-425E-80D6-6D62FCCCB719}
		{B2FEC3D4-789C-4C09-8D75-C0F3DAB285A0} = {3669CADD-59CF-4034-8697-D0F9E33AACD0}
		{C22FDF4A-87AA-4768-A9EA-D42198AF7571} = {3669CADD-59CF-4034-8697-D0F9E33AACD0}
		{797E5D9A-28B8-4F39-8364-575D419E530D} = {C22FDF4A-87AA-4768-A9EA-D42198AF7571}
		{31410416-E2FA-4F05-883A-1FFC4F32792B} = {E93F926C-33E4-4D4E-98E0-152DAB0517A8}
		{410D4D37-2248-4B63-9B75-0065564DF7DA} = {E93F926C-33E4-4D4E-98E0-152DAB0517A8}
		{71736595-9681-4466-BD08-1AC209207A53} = {2ECA8594-448B-48FB-9407-A78BDED8358E}
	EndGlobalSection
EndGlobal
