
Microsoft Visual Studio Solution File, Format Version 12.00
# Visual Studio 2013
VisualStudioVersion = 12.0.21005.1
MinimumVisualStudioVersion = 10.0.40219.1
Project("{2150E333-8FDC-42A3-9474-1A3956D46DE8}") = "Solution Items", "Solution Items", "{36209E8B-6135-4BFE-9FB7-20B00A7B8412}"
	ProjectSection(SolutionItems) = preProject
		Solution Items\AssemblyInfo.cs = Solution Items\AssemblyInfo.cs
		Solution Items\AssemblyInfo.tt = Solution Items\AssemblyInfo.tt
	EndProjectSection
EndProject
Project("{2150E333-8FDC-42A3-9474-1A3956D46DE8}") = "_Library", "_Library", "{73044CDA-D575-469A-A8A9-9FBA2FAD5D11}"
EndProject
Project("{2150E333-8FDC-42A3-9474-1A3956D46DE8}") = "GLOBAL", "GLOBAL", "{67047ED5-E051-4F0F-AC61-8C1825E94BFD}"
EndProject
Project("{2150E333-8FDC-42A3-9474-1A3956D46DE8}") = "COM", "COM", "{688AD712-5F51-4561-B4C3-629BE39BF3ED}"
EndProject
Project("{2150E333-8FDC-42A3-9474-1A3956D46DE8}") = "Model", "Model", "{92845A43-389F-411F-9F66-5544E5CAB054}"
EndProject
Project("{2150E333-8FDC-42A3-9474-1A3956D46DE8}") = "Main", "Main", "{925C728C-A83C-4F07-833A-C24593A884F2}"
EndProject
Project("{2150E333-8FDC-42A3-9474-1A3956D46DE8}") = "Service", "Service", "{E8089608-9A84-4B43-88F9-C189A68F2F23}"
EndProject
Project("{2150E333-8FDC-42A3-9474-1A3956D46DE8}") = "Application", "Application", "{C6C43368-FF89-473A-815C-7C90DCA0A16B}"
EndProject
Project("{FAE04EC0-301F-11D3-BF4B-00C04F79EFBC}") = "Xaver.Tester", "Main\Application\Xaver.Tester\Xaver.Tester.csproj", "{36E8249A-7CEC-46D0-9217-87B88731FA8A}"
EndProject
Project("{2150E333-8FDC-42A3-9474-1A3956D46DE8}") = "Generator", "Generator", "{F353EB53-D5EE-48E2-878A-BEF19C81EB55}"
EndProject
Project("{FAE04EC0-301F-11D3-BF4B-00C04F79EFBC}") = "Xaver.CdaGenerator.SVC", "Main\Service\Generator\Xaver.CdaGenerator.SVC\Xaver.CdaGenerator.SVC.csproj", "{3A1A799E-E020-4C75-A1A8-CE60A57FB858}"
EndProject
Project("{FAE04EC0-301F-11D3-BF4B-00C04F79EFBC}") = "Xaver.CdaGenerator.DOM", "Main\Service\Generator\Xaver.CdaGenerator.DOM\Xaver.CdaGenerator.DOM.csproj", "{8ECB52A8-F058-49A5-96AE-FCBFCB5FC691}"
EndProject
Project("{FAE04EC0-301F-11D3-BF4B-00C04F79EFBC}") = "Xaver.CdaGenerator.DTO", "Main\Service\Generator\Xaver.CdaGenerator.DTO\Xaver.CdaGenerator.DTO.csproj", "{1CEE5FE0-D615-4E2A-8E5D-632D0ABD9759}"
EndProject
Project("{FAE04EC0-301F-11D3-BF4B-00C04F79EFBC}") = "Xaver.CdaGenerator.BIZ", "Main\Service\Generator\Xaver.CdaGenerator.BIZ\Xaver.CdaGenerator.BIZ.csproj", "{8B5B626D-FF81-4E27-9BFA-10488D67C664}"
EndProject
Project("{2150E333-8FDC-42A3-9474-1A3956D46DE8}") = "DocumentSubscription", "DocumentSubscription", "{000CDEB8-CF26-4687-983A-440B7CA7FD50}"
EndProject
Project("{2150E333-8FDC-42A3-9474-1A3956D46DE8}") = "Publisher", "Publisher", "{46C886B3-8694-4801-BBA4-CD60E9516C64}"
EndProject
Project("{2150E333-8FDC-42A3-9474-1A3956D46DE8}") = "NotificationBroker", "NotificationBroker", "{CCDA6480-39A4-40C7-AAF3-42380A8F93A4}"
EndProject
Project("{2150E333-8FDC-42A3-9474-1A3956D46DE8}") = "Subscriber", "Subscriber", "{99D38ABF-7F90-41F6-B0DC-FFB950EAF856}"
EndProject
Project("{2150E333-8FDC-42A3-9474-1A3956D46DE8}") = "Recipient", "Recipient", "{B0758389-67FF-4A9B-B26C-94F6EC681D62}"
EndProject
Project("{2150E333-8FDC-42A3-9474-1A3956D46DE8}") = "Pullpoint", "Pullpoint", "{00D1D602-E332-4BD7-BC7E-D03979096BF5}"
EndProject
Project("{2150E333-8FDC-42A3-9474-1A3956D46DE8}") = "Puller", "Puller", "{EB1163D8-9405-4EB9-8ED4-B41F558D84D6}"
EndProject
Project("{2150E333-8FDC-42A3-9474-1A3956D46DE8}") = "Framework", "Framework", "{12E5018F-5DBE-49A1-8D63-E935B1C603B8}"
EndProject
Project("{FAE04EC0-301F-11D3-BF4B-00C04F79EFBC}") = "Xaver.Helper", "GLOBAL\COM\Xaver.Helper\Xaver.Helper.csproj", "{D169908F-C0C0-4C22-A26A-2DD6933F4288}"
EndProject
Project("{2150E333-8FDC-42A3-9474-1A3956D46DE8}") = "Audit", "Audit", "{7FD75717-7EC2-4241-89F1-A5F25473F4D9}"
EndProject
Project("{2150E333-8FDC-42A3-9474-1A3956D46DE8}") = "AuditRepository", "AuditRepository", "{D490D341-3C5D-409D-B603-17EF97EE4525}"
EndProject
Project("{2150E333-8FDC-42A3-9474-1A3956D46DE8}") = "SecureNode", "SecureNode", "{B2707D0F-FB91-4D43-AE0D-E938F3433BEF}"
EndProject
Project("{FAE04EC0-301F-11D3-BF4B-00C04F79EFBC}") = "SecureNode.Helper", "Main\Service\Audit\SecureNode\SecureNode.Helper\SecureNode.Helper.csproj", "{87796E14-0AC0-43F3-A624-2631DE7811DB}"
EndProject
Project("{FAE04EC0-301F-11D3-BF4B-00C04F79EFBC}") = "SecureNode.Tester", "Main\Service\Audit\SecureNode\SecureNode.Tester\SecureNode.Tester.csproj", "{2F53432A-6E6D-488B-8BEE-CEE4D374CC38}"
EndProject
Project("{2150E333-8FDC-42A3-9474-1A3956D46DE8}") = "Generator", "Generator", "{DCD21F06-074E-4764-B200-E06B1FAB2A7E}"
EndProject
Project("{FAE04EC0-301F-11D3-BF4B-00C04F79EFBC}") = "Generator.Entity", "GLOBAL\Model\Generator\Generator.Entity\Generator.Entity.csproj", "{A846BC99-8616-4847-ABB9-213FBE9B5EF2}"
EndProject
Project("{FAE04EC0-301F-11D3-BF4B-00C04F79EFBC}") = "Generator.ValueObject", "GLOBAL\Model\Generator\Generator.ValueObject\Generator.ValueObject.csproj", "{34E9ACDD-C229-4B35-A9E5-2D0FF0BD4D05}"
EndProject
Global
	GlobalSection(SolutionConfigurationPlatforms) = preSolution
		Debug|Any CPU = Debug|Any CPU
		Release|Any CPU = Release|Any CPU
	EndGlobalSection
	GlobalSection(ProjectConfigurationPlatforms) = postSolution
		{36E8249A-7CEC-46D0-9217-87B88731FA8A}.Debug|Any CPU.ActiveCfg = Debug|Any CPU
		{36E8249A-7CEC-46D0-9217-87B88731FA8A}.Debug|Any CPU.Build.0 = Debug|Any CPU
		{36E8249A-7CEC-46D0-9217-87B88731FA8A}.Release|Any CPU.ActiveCfg = Release|Any CPU
		{36E8249A-7CEC-46D0-9217-87B88731FA8A}.Release|Any CPU.Build.0 = Release|Any CPU
		{3A1A799E-E020-4C75-A1A8-CE60A57FB858}.Debug|Any CPU.ActiveCfg = Debug|Any CPU
		{3A1A799E-E020-4C75-A1A8-CE60A57FB858}.Debug|Any CPU.Build.0 = Debug|Any CPU
		{3A1A799E-E020-4C75-A1A8-CE60A57FB858}.Release|Any CPU.ActiveCfg = Release|Any CPU
		{3A1A799E-E020-4C75-A1A8-CE60A57FB858}.Release|Any CPU.Build.0 = Release|Any CPU
		{8ECB52A8-F058-49A5-96AE-FCBFCB5FC691}.Debug|Any CPU.ActiveCfg = Debug|Any CPU
		{8ECB52A8-F058-49A5-96AE-FCBFCB5FC691}.Debug|Any CPU.Build.0 = Debug|Any CPU
		{8ECB52A8-F058-49A5-96AE-FCBFCB5FC691}.Release|Any CPU.ActiveCfg = Release|Any CPU
		{8ECB52A8-F058-49A5-96AE-FCBFCB5FC691}.Release|Any CPU.Build.0 = Release|Any CPU
		{1CEE5FE0-D615-4E2A-8E5D-632D0ABD9759}.Debug|Any CPU.ActiveCfg = Debug|Any CPU
		{1CEE5FE0-D615-4E2A-8E5D-632D0ABD9759}.Debug|Any CPU.Build.0 = Debug|Any CPU
		{1CEE5FE0-D615-4E2A-8E5D-632D0ABD9759}.Release|Any CPU.ActiveCfg = Release|Any CPU
		{1CEE5FE0-D615-4E2A-8E5D-632D0ABD9759}.Release|Any CPU.Build.0 = Release|Any CPU
		{8B5B626D-FF81-4E27-9BFA-10488D67C664}.Debug|Any CPU.ActiveCfg = Debug|Any CPU
		{8B5B626D-FF81-4E27-9BFA-10488D67C664}.Debug|Any CPU.Build.0 = Debug|Any CPU
		{8B5B626D-FF81-4E27-9BFA-10488D67C664}.Release|Any CPU.ActiveCfg = Release|Any CPU
		{8B5B626D-FF81-4E27-9BFA-10488D67C664}.Release|Any CPU.Build.0 = Release|Any CPU
		{D169908F-C0C0-4C22-A26A-2DD6933F4288}.Debug|Any CPU.ActiveCfg = Debug|Any CPU
		{D169908F-C0C0-4C22-A26A-2DD6933F4288}.Debug|Any CPU.Build.0 = Debug|Any CPU
		{D169908F-C0C0-4C22-A26A-2DD6933F4288}.Release|Any CPU.ActiveCfg = Release|Any CPU
		{D169908F-C0C0-4C22-A26A-2DD6933F4288}.Release|Any CPU.Build.0 = Release|Any CPU
		{87796E14-0AC0-43F3-A624-2631DE7811DB}.Debug|Any CPU.ActiveCfg = Debug|Any CPU
		{87796E14-0AC0-43F3-A624-2631DE7811DB}.Debug|Any CPU.Build.0 = Debug|Any CPU
		{87796E14-0AC0-43F3-A624-2631DE7811DB}.Release|Any CPU.ActiveCfg = Release|Any CPU
		{87796E14-0AC0-43F3-A624-2631DE7811DB}.Release|Any CPU.Build.0 = Release|Any CPU
		{2F53432A-6E6D-488B-8BEE-CEE4D374CC38}.Debug|Any CPU.ActiveCfg = Debug|Any CPU
		{2F53432A-6E6D-488B-8BEE-CEE4D374CC38}.Debug|Any CPU.Build.0 = Debug|Any CPU
		{2F53432A-6E6D-488B-8BEE-CEE4D374CC38}.Release|Any CPU.ActiveCfg = Release|Any CPU
		{2F53432A-6E6D-488B-8BEE-CEE4D374CC38}.Release|Any CPU.Build.0 = Release|Any CPU
		{A846BC99-8616-4847-ABB9-213FBE9B5EF2}.Debug|Any CPU.ActiveCfg = Debug|Any CPU
		{A846BC99-8616-4847-ABB9-213FBE9B5EF2}.Debug|Any CPU.Build.0 = Debug|Any CPU
		{A846BC99-8616-4847-ABB9-213FBE9B5EF2}.Release|Any CPU.ActiveCfg = Release|Any CPU
		{A846BC99-8616-4847-ABB9-213FBE9B5EF2}.Release|Any CPU.Build.0 = Release|Any CPU
		{34E9ACDD-C229-4B35-A9E5-2D0FF0BD4D05}.Debug|Any CPU.ActiveCfg = Debug|Any CPU
		{34E9ACDD-C229-4B35-A9E5-2D0FF0BD4D05}.Debug|Any CPU.Build.0 = Debug|Any CPU
		{34E9ACDD-C229-4B35-A9E5-2D0FF0BD4D05}.Release|Any CPU.ActiveCfg = Release|Any CPU
		{34E9ACDD-C229-4B35-A9E5-2D0FF0BD4D05}.Release|Any CPU.Build.0 = Release|Any CPU
	EndGlobalSection
	GlobalSection(SolutionProperties) = preSolution
		HideSolutionNode = FALSE
	EndGlobalSection
	GlobalSection(NestedProjects) = preSolution
		{688AD712-5F51-4561-B4C3-629BE39BF3ED} = {67047ED5-E051-4F0F-AC61-8C1825E94BFD}
		{92845A43-389F-411F-9F66-5544E5CAB054} = {67047ED5-E051-4F0F-AC61-8C1825E94BFD}
		{D169908F-C0C0-4C22-A26A-2DD6933F4288} = {688AD712-5F51-4561-B4C3-629BE39BF3ED}
		{DCD21F06-074E-4764-B200-E06B1FAB2A7E} = {92845A43-389F-411F-9F66-5544E5CAB054}
		{E8089608-9A84-4B43-88F9-C189A68F2F23} = {925C728C-A83C-4F07-833A-C24593A884F2}
		{C6C43368-FF89-473A-815C-7C90DCA0A16B} = {925C728C-A83C-4F07-833A-C24593A884F2}
		{F353EB53-D5EE-48E2-878A-BEF19C81EB55} = {E8089608-9A84-4B43-88F9-C189A68F2F23}
		{000CDEB8-CF26-4687-983A-440B7CA7FD50} = {E8089608-9A84-4B43-88F9-C189A68F2F23}
		{7FD75717-7EC2-4241-89F1-A5F25473F4D9} = {E8089608-9A84-4B43-88F9-C189A68F2F23}
		{36E8249A-7CEC-46D0-9217-87B88731FA8A} = {C6C43368-FF89-473A-815C-7C90DCA0A16B}
		{3A1A799E-E020-4C75-A1A8-CE60A57FB858} = {F353EB53-D5EE-48E2-878A-BEF19C81EB55}
		{8ECB52A8-F058-49A5-96AE-FCBFCB5FC691} = {F353EB53-D5EE-48E2-878A-BEF19C81EB55}
		{1CEE5FE0-D615-4E2A-8E5D-632D0ABD9759} = {F353EB53-D5EE-48E2-878A-BEF19C81EB55}
		{8B5B626D-FF81-4E27-9BFA-10488D67C664} = {F353EB53-D5EE-48E2-878A-BEF19C81EB55}
		{46C886B3-8694-4801-BBA4-CD60E9516C64} = {000CDEB8-CF26-4687-983A-440B7CA7FD50}
		{CCDA6480-39A4-40C7-AAF3-42380A8F93A4} = {000CDEB8-CF26-4687-983A-440B7CA7FD50}
		{99D38ABF-7F90-41F6-B0DC-FFB950EAF856} = {000CDEB8-CF26-4687-983A-440B7CA7FD50}
		{B0758389-67FF-4A9B-B26C-94F6EC681D62} = {000CDEB8-CF26-4687-983A-440B7CA7FD50}
		{00D1D602-E332-4BD7-BC7E-D03979096BF5} = {000CDEB8-CF26-4687-983A-440B7CA7FD50}
		{EB1163D8-9405-4EB9-8ED4-B41F558D84D6} = {000CDEB8-CF26-4687-983A-440B7CA7FD50}
		{D490D341-3C5D-409D-B603-17EF97EE4525} = {7FD75717-7EC2-4241-89F1-A5F25473F4D9}
		{B2707D0F-FB91-4D43-AE0D-E938F3433BEF} = {7FD75717-7EC2-4241-89F1-A5F25473F4D9}
		{87796E14-0AC0-43F3-A624-2631DE7811DB} = {B2707D0F-FB91-4D43-AE0D-E938F3433BEF}
		{2F53432A-6E6D-488B-8BEE-CEE4D374CC38} = {B2707D0F-FB91-4D43-AE0D-E938F3433BEF}
		{A846BC99-8616-4847-ABB9-213FBE9B5EF2} = {DCD21F06-074E-4764-B200-E06B1FAB2A7E}
		{34E9ACDD-C229-4B35-A9E5-2D0FF0BD4D05} = {DCD21F06-074E-4764-B200-E06B1FAB2A7E}
	EndGlobalSection
EndGlobal
